github.com/aws/aws-sdk-go-v2 v1.41.5 h1:dj5kopbwUsVUVFgO4Fi5BIT3t4WyqIDjGKCangnV/yY=
github.com/aws/aws-sdk-go-v2 v1.41.5/go.mod h1:mwsPRE8ceUUpiTgF7QmQIJ7lgsKUPQOUl3o72QBrE1o=
github.com/aws/aws-sdk-go-v2/aws/protocol/eventstream v1.7.8 h1:eBMB84YGghSocM7PsjmmPffTa+1FBUeNvGvFou6V/4o=
github.com/aws/aws-sdk-go-v2/aws/protocol/eventstream v1.7.8/go.mod h1:lyw7GFp3qENLh7kwzf7iMzAxDn+NzjXEAGjKS2UOKqI=
github.com/aws/aws-sdk-go-v2/config v1.31.8 h1:kQjtOLlTU4m4A64TsRcqwNChhGCwaPBt+zCQt/oWsHU=
github.com/aws/aws-sdk-go-v2/config v1.31.8/go.mod h1:QPpc7IgljrKwH0+E6/KolCgr4WPLerURiU592AYzfSY=
github.com/aws/aws-sdk-go-v2/credentials v1.18.12 h1:zmc9e1q90wMn8wQbjryy8IwA6Q4XlaL9Bx2zIqdNNbk=
github.com/aws/aws-sdk-go-v2/credentials v1.18.12/go.mod h1:3VzdRDR5u3sSJRI4kYcOSIBbeYsgtVk7dG5R/U6qLWY=
github.com/aws/aws-sdk-go-v2/feature/ec2/imds v1.18.7 h1:Is2tPmieqGS2edBnmOJIbdvOA6Op+rRpaYR60iBAwXM=
github.com/aws/aws-sdk-go-v2/feature/ec2/imds v1.18.7/go.mod h1:F1i5V5421EGci570yABvpIXgRIBPb5JM+lSkHF6Dq5w=
github.com/aws/aws-sdk-go-v2/internal/configsources v1.4.21 h1:Rgg6wvjjtX8bNHcvi9OnXWwcE0a2vGpbwmtICOsvcf4=
github.com/aws/aws-sdk-go-v2/internal/configsources v1.4.21/go.mod h1:A/kJFst/nm//cyqonihbdpQZwiUhhzpqTsdbhDdRF9c=
github.com/aws/aws-sdk-go-v2/internal/endpoints/v2 v2.7.21 h1:PEgGVtPoB6NTpPrBgqSE5hE/o47Ij9qk/SEZFbUOe9A=
github.com/aws/aws-sdk-go-v2/internal/endpoints/v2 v2.7.21/go.mod h1:p+hz+PRAYlY3zcpJhPwXlLC4C+kqn70WIHwnzAfs6ps=
github.com/aws/aws-sdk-go-v2/internal/ini v1.8.3 h1:bIqFDwgGXXN1Kpp99pDOdKMTTb5d2KyU5X/BZxjOkRo=
github.com/aws/aws-sdk-go-v2/internal/ini v1.8.3/go.mod h1:H5O/EsxDWyU+LP/V8i5sm8cxoZgc2fdNR9bxlOFrQTo=
github.com/aws/aws-sdk-go-v2/internal/v4a v1.4.22 h1:rWyie/PxDRIdhNf4DzRk0lvjVOqFJuNnO8WwaIRVxzQ=
github.com/aws/aws-sdk-go-v2/internal/v4a v1.4.22/go.mod h1:zd/JsJ4P7oGfUhXn1VyLqaRZwPmZwg44Jf2dS84Dm3Y=
github.com/aws/aws-sdk-go-v2/service/appconfig v1.42.4 h1:fU75lgQ3pTsilkNYkU3uWO7JrU/GnShkvk7zmy08Pw4=
github.com/aws/aws-sdk-go-v2/service/appconfig v1.42.4/go.mod h1:cOfEo7trL6GKGg7xPkYl7K9enEqxDPWwP5Z9g9Ota0s=
github.com/aws/aws-sdk-go-v2/service/appconfigdata v1.23.3 h1:twv0m6prpwU9ddt4fX+nUY1eDR8xvy7vlxIK0wS53Sw=
github.com/aws/aws-sdk-go-v2/service/appconfigdata v1.23.3/go.mod h1:K5UdbU0A3GI7NHjk0kdYddy141f2AHTwpVkNftXgoqs=
github.com/aws/aws-sdk-go-v2/service/internal/accept-encoding v1.13.7 h1:5EniKhLZe4xzL7a+fU3C2tfUN4nWIqlLesfrjkuPFTY=
github.com/aws/aws-sdk-go-v2/service/internal/accept-encoding v1.13.7/go.mod h1:x0nZssQ3qZSnIcePWLvcoFisRXJzcTVvYpAAdYX8+GI=
github.com/aws/aws-sdk-go-v2/service/internal/checksum v1.9.13 h1:JRaIgADQS/U6uXDqlPiefP32yXTda7Kqfx+LgspooZM=
github.com/aws/aws-sdk-go-v2/service/internal/checksum v1.9.13/go.mod h1:CEuVn5WqOMilYl+tbccq8+N2ieCy0gVn3OtRb0vBNNM=
github.com/aws/aws-sdk-go-v2/service/internal/presigned-url v1.13.21 h1:c31//R3xgIJMSC8S6hEVq+38DcvUlgFY0FM6mSI5oto=
github.com/aws/aws-sdk-go-v2/service/internal/presigned-url v1.13.21/go.mod h1:r6+pf23ouCB718FUxaqzZdbpYFyDtehyZcmP5KL9FkA=
github.com/aws/aws-sdk-go-v2/service/internal/s3shared v1.19.21 h1:ZlvrNcHSFFWURB8avufQq9gFsheUgjVD9536obIknfM=
github.com/aws/aws-sdk-go-v2/service/internal/s3shared v1.19.21/go.mod h1:cv3TNhVrssKR0O/xxLJVRfd2oazSnZnkUeTf6ctUwfQ=
github.com/aws/aws-sdk-go-v2/service/s3 v1.99.0 h1:hlSuz394kV0vhv9drL5lhuEFbEOEP1VyQpy15qWh1Pk=
github.com/aws/aws-sdk-go-v2/service/s3 v1.99.0/go.mod h1:uoA43SdFwacedBfSgfFSjjCvYe8aYBS7EnU5GZ/YKMM=
github.com/aws/aws-sdk-go-v2/service/sns v1.38.3 h1:4T0EjsLqUANqnBWafst2+Nr3Uw44MPdrPgysNbxDqBs=
github.com/aws/aws-sdk-go-v2/service/sns v1.38.3/go.mod h1:kHMCS+JDWKuKSDP9J/v3dlV2S9zNBKbXzaLy/kHSdEE=
github.com/aws/aws-sdk-go-v2/service/sqs v1.42.5 h1:HbaHWaTkGec2pMa/UQa3+WNWtUaFFF1ZLfwCeVFtBns=
github.com/aws/aws-sdk-go-v2/service/sqs v1.42.5/go.mod h1:wCAPjT7bNg5+4HSNefwNEC2hM3d+NSD5w5DU/8jrPrI=
github.com/aws/aws-sdk-go-v2/service/ssm v1.64.4 h1:GaIjQJwGv06w4/vdgYDpkbuNJ2sX7ROHD3/J4YWRvpA=
github.com/aws/aws-sdk-go-v2/service/ssm v1.64.4/go.mod h1:5O20AzpAiVXhRhrJd5Tv9vh1gA5+iYHqAMVc+6t4q7g=
github.com/aws/aws-sdk-go-v2/service/sso v1.29.3 h1:7PKX3VYsZ8LUWceVRuv0+PU+E7OtQb1lgmi5vmUE9CM=
github.com/aws/aws-sdk-go-v2/service/sso v1.29.3/go.mod h1:Ql6jE9kyyWI5JHn+61UT/Y5Z0oyVJGmgmJbZD5g4unY=
github.com/aws/aws-sdk-go-v2/service/ssooidc v1.34.4 h1:e0XBRn3AptQotkyBFrHAxFB8mDhAIOfsG+7KyJ0dg98=
github.com/aws/aws-sdk-go-v2/service/ssooidc v1.34.4/go.mod h1:XclEty74bsGBCr1s0VSaA11hQ4ZidK4viWK7rRfO88I=
github.com/aws/aws-sdk-go-v2/service/sts v1.38.4 h1:PR00NXRYgY4FWHqOGx3fC3lhVKjsp1GdloDv2ynMSd8=
github.com/aws/aws-sdk-go-v2/service/sts v1.38.4/go.mod h1:Z+Gd23v97pX9zK97+tX4ppAgqCt3Z2dIXB02CtBncK8=
github.com/aws/smithy-go v1.24.2 h1:FzA3bu/nt/vDvmnkg+R8Xl46gmzEDam6mZ1hzmwXFng=
github.com/aws/smithy-go v1.24.2/go.mod h1:YE2RhdIuDbA5E5bTdciG9KrW3+TiEONeUWCqxX9i1Fc=
github.com/nil-go/konf v1.4.0 h1:8zoCK+6cYwUFZNvH0HZcyNBMUL63G7J9IF5ldtZUy2c=
github.com/nil-go/konf v1.4.0/go.mod h1:bQLME1hPLOejP89PlJGJ9DuofOKTsy/JcOjvWRHf0Fg=
github.com/nil-go/konf/notifier/sns v1.4.0 h1:PfLVItb0Ahg3w345/hB45pmhPVKW/8ExkX3oe78RwBk=
github.com/nil-go/konf/notifier/sns v1.4.0/go.mod h1:Scc0HZQiscu30kbjFcECvL83+XQrcYHAKZ+MRn/5N4o=
github.com/nil-go/konf/provider/appconfig v1.4.0 h1:/AMmpNf6Kl03NJWxOua/bXfNDDeHNrCQejfd1NhNIMs=
github.com/nil-go/konf/provider/appconfig v1.4.0/go.mod h1:4jvGHaYJwQ8tNCDRXG4KFliidmKdG/xmuAfMYxBrd4Y=
github.com/nil-go/konf/provider/parameterstore v1.4.0 h1:/jpOTbfFt3tskqExfJCm89kpcxyVHAy2FC76s+maUGA=
github.com/nil-go/konf/provider/parameterstore v1.4.0/go.mod h1:qa5B0WRq+TsoZ+5kHe1tXn1RnawWssBckEAKvzWIZ0Y=
github.com/nil-go/konf/provider/s3 v1.4.0 h1:ukqFC6Lp25iEtJtOzYhMwNZrQTN4VtL06fKi5KqU5Y0=
github.com/nil-go/konf/provider/s3 v1.4.0/go.mod h1:eWoNllbNLKkB5vUPSbkm/wm1M7SlXyKpTirdOIZfwpI=
gopkg.in/check.v1 v0.0.0-20161208181325-20d25e280405 h1:yhCVgyC4o1eVCa2tZl7eS0r+SDo693bJlVdllGtEeKM=
gopkg.in/check.v1 v0.0.0-20161208181325-20d25e280405/go.mod h1:Co6ibVJAznAaIkqp8huTwlJQCZ016jof/cbN4VW5Yz0=
gopkg.in/yaml.v3 v3.0.1 h1:fxVm/GzAzEWqLHuvctI91KS9hhNmmWOoWu0XTYJS7CA=
gopkg.in/yaml.v3 v3.0.1/go.mod h1:K4uyk7z7BCEPqu6E+C64Yfv1cQ7kz7rIZviUmN+EgEM=
