github.com/aws/aws-sdk-go-v2 v1.30.4 h1:frhcagrVNrzmT95RJImMHgabt99vkXGslubDaDagTk8=
github.com/aws/aws-sdk-go-v2 v1.30.4/go.mod h1:CT+ZPWXbYrci8chcARI3OmI/qgd+f6WtuLOoaIA8PR0=
github.com/aws/aws-sdk-go-v2/aws/protocol/eventstream v1.6.4 h1:70PVAiL15/aBMh5LThwgXdSQorVr91L127ttckI9QQU=
github.com/aws/aws-sdk-go-v2/aws/protocol/eventstream v1.6.4/go.mod h1:/MQxMqci8tlqDH+pjmoLu1i0tbWCUP1hhyMRuFxpQCw=
github.com/aws/aws-sdk-go-v2/config v1.27.30 h1:AQF3/+rOgeJBQP3iI4vojlPib5X6eeOYoa/af7OxAYg=
github.com/aws/aws-sdk-go-v2/config v1.27.30/go.mod h1:yxqvuubha9Vw8stEgNiStO+yZpP68Wm9hLmcm+R/Qk4=
github.com/aws/aws-sdk-go-v2/credentials v1.17.29 h1:CwGsupsXIlAFYuDVHv1nnK0wnxO0wZ/g1L8DSK/xiIw=
github.com/aws/aws-sdk-go-v2/credentials v1.17.29/go.mod h1:BPJ/yXV92ZVq6G8uYvbU0gSl8q94UB63nMT5ctNO38g=
github.com/aws/aws-sdk-go-v2/feature/ec2/imds v1.16.12 h1:yjwoSyDZF8Jth+mUk5lSPJCkMC0lMy6FaCD51jm6ayE=
github.com/aws/aws-sdk-go-v2/feature/ec2/imds v1.16.12/go.mod h1:fuR57fAgMk7ot3WcNQfb6rSEn+SUffl7ri+aa8uKysI=
github.com/aws/aws-sdk-go-v2/internal/configsources v1.3.16 h1:TNyt/+X43KJ9IJJMjKfa3bNTiZbUP7DeCxfbTROESwY=
github.com/aws/aws-sdk-go-v2/internal/configsources v1.3.16/go.mod h1:2DwJF39FlNAUiX5pAc0UNeiz16lK2t7IaFcm0LFHEgc=
github.com/aws/aws-sdk-go-v2/internal/endpoints/v2 v2.6.16 h1:jYfy8UPmd+6kJW5YhY0L1/KftReOGxI/4NtVSTh9O/I=
github.com/aws/aws-sdk-go-v2/internal/endpoints/v2 v2.6.16/go.mod h1:7ZfEPZxkW42Afq4uQB8H2E2e6ebh6mXTueEpYzjCzcs=
github.com/aws/aws-sdk-go-v2/internal/ini v1.8.1 h1:VaRN3TlFdd6KxX1x3ILT5ynH6HvKgqdiXoTxAF4HQcQ=
github.com/aws/aws-sdk-go-v2/internal/ini v1.8.1/go.mod h1:FbtygfRFze9usAadmnGJNc8KsP346kEe+y2/oyhGAGc=
github.com/aws/aws-sdk-go-v2/internal/v4a v1.3.16 h1:mimdLQkIX1zr8GIPY1ZtALdBQGxcASiBd2MOp8m/dMc=
github.com/aws/aws-sdk-go-v2/internal/v4a v1.3.16/go.mod h1:YHk6owoSwrIsok+cAH9PENCOGoH5PU2EllX4vLtSrsY=
github.com/aws/aws-sdk-go-v2/service/appconfig v1.31.5 h1:OvQHr5+LWYKyt4Iv8p+escwX1jmljo4f5EuFlvwUJKA=
github.com/aws/aws-sdk-go-v2/service/appconfig v1.31.5/go.mod h1:yL19FXX7gb5GiHdTjCP8MNL5DW96IgiYi/H56JhEuZ4=
github.com/aws/aws-sdk-go-v2/service/appconfigdata v1.16.5 h1:0L76ucgyltS8r2D9Z/G57eAZUNceiI1lNzEZwoxvX60=
github.com/aws/aws-sdk-go-v2/service/appconfigdata v1.16.5/go.mod h1:5Gr7pLLSaOc79qkghPFURtmJ2/8vgmTQPU2tSm9LOgo=
github.com/aws/aws-sdk-go-v2/service/internal/accept-encoding v1.11.4 h1:KypMCbLPPHEmf9DgMGw51jMj77VfGPAN2Kv4cfhlfgI=
github.com/aws/aws-sdk-go-v2/service/internal/accept-encoding v1.11.4/go.mod h1:Vz1JQXliGcQktFTN/LN6uGppAIRoLBR2bMvIMP0gOjc=
github.com/aws/aws-sdk-go-v2/service/internal/checksum v1.3.18 h1:GckUnpm4EJOAio1c8o25a+b3lVfwVzC9gnSBqiiNmZM=
github.com/aws/aws-sdk-go-v2/service/internal/checksum v1.3.18/go.mod h1:Br6+bxfG33Dk3ynmkhsW2Z/t9D4+lRqdLDNCKi85w0U=
github.com/aws/aws-sdk-go-v2/service/internal/presigned-url v1.11.18 h1:tJ5RnkHCiSH0jyd6gROjlJtNwov0eGYNz8s8nFcR0jQ=
github.com/aws/aws-sdk-go-v2/service/internal/presigned-url v1.11.18/go.mod h1:++NHzT+nAF7ZPrHPsA+ENvsXkOO8wEu+C6RXltAG4/c=
github.com/aws/aws-sdk-go-v2/service/internal/s3shared v1.17.16 h1:jg16PhLPUiHIj8zYIW6bqzeQSuHVEiWnGA0Brz5Xv2I=
github.com/aws/aws-sdk-go-v2/service/internal/s3shared v1.17.16/go.mod h1:Uyk1zE1VVdsHSU7096h/rwnXDzOzYQVl+FNPhPw7ShY=
github.com/aws/aws-sdk-go-v2/service/s3 v1.60.1 h1:mx2ucgtv+MWzJesJY9Ig/8AFHgoE5FwLXwUVgW/FGdI=
github.com/aws/aws-sdk-go-v2/service/s3 v1.60.1/go.mod h1:BSPI0EfnYUuNHPS0uqIo5VrRwzie+Fp+YhQOUs16sKI=
github.com/aws/aws-sdk-go-v2/service/sns v1.31.5 h1:q8R1hxwOHE4e6TInafToa8AHTLQpJrxWXYk7GINJoyw=
github.com/aws/aws-sdk-go-v2/service/sns v1.31.5/go.mod h1:wDacBq+NshhM8KhdysbM4wRFxVyghyj7AAI+l8+o9f0=
github.com/aws/aws-sdk-go-v2/service/sqs v1.34.5 h1:HYyVDOC2/PIg+3oBX1q0wtDU5kONki6lrgIG0afrBkY=
github.com/aws/aws-sdk-go-v2/service/sqs v1.34.5/go.mod h1:7idt3XszF6sE9WPS1GqZRiDJOxw4oPtlRBXodWnCGjU=
github.com/aws/aws-sdk-go-v2/service/ssm v1.52.6 h1:uvd3OF/3jt2csfs2xZ64NIOukDY/YJYZiHqT9vP3Mhg=
github.com/aws/aws-sdk-go-v2/service/ssm v1.52.6/go.mod h1:Bw2YSeqq/I4VyVs9JSfdT9ArqyAbQkJEwj13AVm0heg=
github.com/aws/aws-sdk-go-v2/service/sso v1.22.5 h1:zCsFCKvbj25i7p1u94imVoO447I/sFv8qq+lGJhRN0c=
github.com/aws/aws-sdk-go-v2/service/sso v1.22.5/go.mod h1:ZeDX1SnKsVlejeuz41GiajjZpRSWR7/42q/EyA/QEiM=
github.com/aws/aws-sdk-go-v2/service/ssooidc v1.26.5 h1:SKvPgvdvmiTWoi0GAJ7AsJfOz3ngVkD/ERbs5pUnHNI=
github.com/aws/aws-sdk-go-v2/service/ssooidc v1.26.5/go.mod h1:20sz31hv/WsPa3HhU3hfrIet2kxM4Pe0r20eBZ20Tac=
github.com/aws/aws-sdk-go-v2/service/sts v1.30.5 h1:OMsEmCyz2i89XwRwPouAJvhj81wINh+4UK+k/0Yo/q8=
github.com/aws/aws-sdk-go-v2/service/sts v1.30.5/go.mod h1:vmSqFK+BVIwVpDAGZB3CoCXHzurt4qBE8lf+I/kRTh0=
github.com/aws/smithy-go v1.20.4 h1:2HK1zBdPgRbjFOHlfeQZfpC4r72MOb9bZkiFwggKO+4=
github.com/aws/smithy-go v1.20.4/go.mod h1:irrKGvNn1InZwb2d7fkIRNucdfwR8R+Ts3wxYa/cJHg=
github.com/davecgh/go-spew v1.1.0 h1:ZDRjVQ15GmhC3fiQ8ni8+OwkZQO4DARzQgrnXU1Liz8=
github.com/davecgh/go-spew v1.1.0/go.mod h1:J7Y8YcW2NihsgmVo/mv3lAwl/skON4iLHjSsI+c5H38=
github.com/jmespath/go-jmespath v0.4.0 h1:BEgLn5cpjn8UN1mAw4NjwDrS35OdebyEtFe+9YPoQUg=
github.com/jmespath/go-jmespath v0.4.0/go.mod h1:T8mJZnbsbmF+m6zOOFylbeCJqk5+pHWvzYPziyZiYoo=
github.com/jmespath/go-jmespath/internal/testify v1.5.1 h1:shLQSRRSCCPj3f2gpwzGwWFoC7ycTf1rcQZHOlsJ6N8=
github.com/jmespath/go-jmespath/internal/testify v1.5.1/go.mod h1:L3OGu8Wl2/fWfCI6z80xFu9LTZmf1ZRjMHUOPmWr69U=
github.com/nil-go/konf v1.3.0 h1:hAY6+8ZX5AzWexs3+G7MQ9a54WgTOtNgolZwUMQ8bUE=
github.com/nil-go/konf v1.3.0/go.mod h1:bQLME1hPLOejP89PlJGJ9DuofOKTsy/JcOjvWRHf0Fg=
github.com/nil-go/konf/notifier/sns v1.3.0 h1:Tn9d/esewnAVxGHhsRdAub3E3/7kqPsiHZAcVl4InGM=
github.com/nil-go/konf/notifier/sns v1.3.0/go.mod h1:ZbFaak/hHm8Ybzb0Zoew7v2ZTBityv2QceSfZ0Tcleo=
github.com/nil-go/konf/provider/appconfig v1.3.0 h1:ksrjJe+SdW2dSs3lxB9uZ5JwE2SU8TmVYn+nQgN1nl0=
github.com/nil-go/konf/provider/appconfig v1.3.0/go.mod h1:8uZaS6eORgA3f0XJvxRFPybJ/WnrLPWNF0q3s7erWAM=
github.com/nil-go/konf/provider/parameterstore v1.3.0 h1:OqrMnAmgLmjN75PUiMRp9LVP8f+5nfBV34VxuvvYzV4=
github.com/nil-go/konf/provider/parameterstore v1.3.0/go.mod h1:P6oJchCke8nEvyIZA6d7pVge/kaj9IlvxXyHLnrXOCo=
github.com/nil-go/konf/provider/s3 v1.3.0 h1:mqjmwnwaLShENSjItSx+s98qeKFhWLYMs/k5LyizrEc=
github.com/nil-go/konf/provider/s3 v1.3.0/go.mod h1:cgyL61fH6wl3s77umLnhstjWbCg6+mKyLzRrIPiCCXg=
github.com/pmezard/go-difflib v1.0.0 h1:4DBwDE0NGyQoBHbLQYPwSUPoCMWR5BEzIk/f1lZbAQM=
github.com/pmezard/go-difflib v1.0.0/go.mod h1:iKH77koFhYxTK1pcRnkKkqfTogsbg7gZNVY4sRDYZ/4=
github.com/stretchr/objx v0.1.0/go.mod h1:HFkY916IF+rwdDfMAkV7OtwuqBVzrE8GR6GFx+wExME=
gopkg.in/check.v1 v0.0.0-20161208181325-20d25e280405 h1:yhCVgyC4o1eVCa2tZl7eS0r+SDo693bJlVdllGtEeKM=
gopkg.in/check.v1 v0.0.0-20161208181325-20d25e280405/go.mod h1:Co6ibVJAznAaIkqp8huTwlJQCZ016jof/cbN4VW5Yz0=
gopkg.in/yaml.v2 v2.2.8 h1:obN1ZagJSUGI0Ek/LBmuj4SNLPfIny3KsKFopxRdj10=
gopkg.in/yaml.v2 v2.2.8/go.mod h1:hI93XBmqTisBFMUTm0b8Fm+jr3Dg1NNxqwp+5A1VGuI=
gopkg.in/yaml.v3 v3.0.1 h1:fxVm/GzAzEWqLHuvctI91KS9hhNmmWOoWu0XTYJS7CA=
gopkg.in/yaml.v3 v3.0.1/go.mod h1:K4uyk7z7BCEPqu6E+C64Yfv1cQ7kz7rIZviUmN+EgEM=
