github.com/aws/aws-sdk-go-v2 v1.36.3 h1:mJoei2CxPutQVxaATCzDUjcZEjVRdpsiiXi2o38yqWM=
github.com/aws/aws-sdk-go-v2 v1.36.3/go.mod h1:LLXuLpgzEbD766Z5ECcRmi8AzSwfZItDtmABVkRLGzg=
github.com/aws/aws-sdk-go-v2/aws/protocol/eventstream v1.6.10 h1:zAybnyUQXIZ5mok5Jqwlf58/TFE7uvd3IAsa1aF9cXs=
github.com/aws/aws-sdk-go-v2/aws/protocol/eventstream v1.6.10/go.mod h1:qqvMj6gHLR/EXWZw4ZbqlPbQUyenf4h82UQUlKc+l14=
github.com/aws/aws-sdk-go-v2/config v1.29.12 h1:Y/2a+jLPrPbHpFkpAAYkVEtJmxORlXoo5k2g1fa2sUo=
github.com/aws/aws-sdk-go-v2/config v1.29.12/go.mod h1:xse1YTjmORlb/6fhkWi8qJh3cvZi4JoVNhc+NbJt4kI=
github.com/aws/aws-sdk-go-v2/credentials v1.17.65 h1:q+nV2yYegofO/SUXruT+pn4KxkxmaQ++1B/QedcKBFM=
github.com/aws/aws-sdk-go-v2/credentials v1.17.65/go.mod h1:4zyjAuGOdikpNYiSGpsGz8hLGmUzlY8pc8r9QQ/RXYQ=
github.com/aws/aws-sdk-go-v2/feature/ec2/imds v1.16.30 h1:x793wxmUWVDhshP8WW2mlnXuFrO4cOd3HLBroh1paFw=
github.com/aws/aws-sdk-go-v2/feature/ec2/imds v1.16.30/go.mod h1:Jpne2tDnYiFascUEs2AWHJL9Yp7A5ZVy3TNyxaAjD6M=
github.com/aws/aws-sdk-go-v2/internal/configsources v1.3.34 h1:ZK5jHhnrioRkUNOc+hOgQKlUL5JeC3S6JgLxtQ+Rm0Q=
github.com/aws/aws-sdk-go-v2/internal/configsources v1.3.34/go.mod h1:p4VfIceZokChbA9FzMbRGz5OV+lekcVtHlPKEO0gSZY=
github.com/aws/aws-sdk-go-v2/internal/endpoints/v2 v2.6.34 h1:SZwFm17ZUNNg5Np0ioo/gq8Mn6u9w19Mri8DnJ15Jf0=
github.com/aws/aws-sdk-go-v2/internal/endpoints/v2 v2.6.34/go.mod h1:dFZsC0BLo346mvKQLWmoJxT+Sjp+qcVR1tRVHQGOH9Q=
github.com/aws/aws-sdk-go-v2/internal/ini v1.8.3 h1:bIqFDwgGXXN1Kpp99pDOdKMTTb5d2KyU5X/BZxjOkRo=
github.com/aws/aws-sdk-go-v2/internal/ini v1.8.3/go.mod h1:H5O/EsxDWyU+LP/V8i5sm8cxoZgc2fdNR9bxlOFrQTo=
github.com/aws/aws-sdk-go-v2/internal/v4a v1.3.34 h1:ZNTqv4nIdE/DiBfUUfXcLZ/Spcuz+RjeziUtNJackkM=
github.com/aws/aws-sdk-go-v2/internal/v4a v1.3.34/go.mod h1:zf7Vcd1ViW7cPqYWEHLHJkS50X0JS2IKz9Cgaj6ugrs=
github.com/aws/aws-sdk-go-v2/service/appconfig v1.37.1 h1:cj/CeQ9ZbGYeR5jtEelOjeX0jZ9dAbu5RRzPzjtY7LI=
github.com/aws/aws-sdk-go-v2/service/appconfig v1.37.1/go.mod h1:CN/8VG7LSDuminHk8uUcxsdlAvbiLSwkK46K21F0fuA=
github.com/aws/aws-sdk-go-v2/service/appconfigdata v1.19.1 h1:jXf9naDSrRisW7EUs1LwoGb7xFm5SmOq8j3VoYV9k1I=
github.com/aws/aws-sdk-go-v2/service/appconfigdata v1.19.1/go.mod h1:fWUyUjh4myyP+SKj/RpARMzUM28MCEzLSBGgq/6l/r0=
github.com/aws/aws-sdk-go-v2/service/internal/accept-encoding v1.12.3 h1:eAh2A4b5IzM/lum78bZ590jy36+d/aFLgKF/4Vd1xPE=
github.com/aws/aws-sdk-go-v2/service/internal/accept-encoding v1.12.3/go.mod h1:0yKJC/kb8sAnmlYa6Zs3QVYqaC8ug2AbnNChv5Ox3uA=
github.com/aws/aws-sdk-go-v2/service/internal/checksum v1.7.0 h1:lguz0bmOoGzozP9XfRJR1QIayEYo+2vP/No3OfLF0pU=
github.com/aws/aws-sdk-go-v2/service/internal/checksum v1.7.0/go.mod h1:iu6FSzgt+M2/x3Dk8zhycdIcHjEFb36IS8HVUVFoMg0=
github.com/aws/aws-sdk-go-v2/service/internal/presigned-url v1.12.15 h1:dM9/92u2F1JbDaGooxTq18wmmFzbJRfXfVfy96/1CXM=
github.com/aws/aws-sdk-go-v2/service/internal/presigned-url v1.12.15/go.mod h1:SwFBy2vjtA0vZbjjaFtfN045boopadnoVPhu4Fv66vY=
github.com/aws/aws-sdk-go-v2/service/internal/s3shared v1.18.15 h1:moLQUoVq91LiqT1nbvzDukyqAlCv89ZmwaHw/ZFlFZg=
github.com/aws/aws-sdk-go-v2/service/internal/s3shared v1.18.15/go.mod h1:ZH34PJUc8ApjBIfgQCFvkWcUDBtl/WTD+uiYHjd8igA=
github.com/aws/aws-sdk-go-v2/service/s3 v1.79.0 h1:OIw2nryEApESTYI5deCZGcq4Gvz8DBAt4tJlNyg3v5o=
github.com/aws/aws-sdk-go-v2/service/s3 v1.79.0/go.mod h1:U5SNqwhXB3Xe6F47kXvWihPl/ilGaEDe8HD/50Z9wxc=
github.com/aws/aws-sdk-go-v2/service/sns v1.34.2 h1:PajtbJ/5bEo6iUAIGMYnK8ljqg2F1h4mMCGh1acjN30=
github.com/aws/aws-sdk-go-v2/service/sns v1.34.2/go.mod h1:PJtxxMdj747j8DeZENRTTYAz/lx/pADn/U0k7YNNiUY=
github.com/aws/aws-sdk-go-v2/service/sqs v1.38.3 h1:j5BchjfDoS7K26vPdyJlyxBIIBGDflq3qjjJKBDlbcI=
github.com/aws/aws-sdk-go-v2/service/sqs v1.38.3/go.mod h1:Bar4MrRxeqdn6XIh8JGfiXuFRmyrrsZNTJotxEJmWW0=
github.com/aws/aws-sdk-go-v2/service/ssm v1.58.0 h1:zQz6Q5uaC8s9734DV9UDAm2q1TEEfOvEejDBSulOapI=
github.com/aws/aws-sdk-go-v2/service/ssm v1.58.0/go.mod h1:PUWUl5MDiYNQkUHN9Pyd9kgtA/YhbxnSnHP+yQqzrM8=
github.com/aws/aws-sdk-go-v2/service/sso v1.25.2 h1:pdgODsAhGo4dvzC3JAG5Ce0PX8kWXrTZGx+jxADD+5E=
github.com/aws/aws-sdk-go-v2/service/sso v1.25.2/go.mod h1:qs4a9T5EMLl/Cajiw2TcbNt2UNo/Hqlyp+GiuG4CFDI=
github.com/aws/aws-sdk-go-v2/service/ssooidc v1.30.0 h1:90uX0veLKcdHVfvxhkWUQSCi5VabtwMLFutYiRke4oo=
github.com/aws/aws-sdk-go-v2/service/ssooidc v1.30.0/go.mod h1:MlYRNmYu/fGPoxBQVvBYr9nyr948aY/WLUvwBMBJubs=
github.com/aws/aws-sdk-go-v2/service/sts v1.33.17 h1:PZV5W8yk4OtH1JAuhV2PXwwO9v5G5Aoj+eMCn4T+1Kc=
github.com/aws/aws-sdk-go-v2/service/sts v1.33.17/go.mod h1:cQnB8CUnxbMU82JvlqjKR2HBOm3fe9pWorWBza6MBJ4=
github.com/aws/smithy-go v1.22.3 h1:Z//5NuZCSW6R4PhQ93hShNbyBbn8BWCmCVCt+Q8Io5k=
github.com/aws/smithy-go v1.22.3/go.mod h1:t1ufH5HMublsJYulve2RKmHDC15xu1f26kHCp/HgceI=
github.com/nil-go/konf v1.4.0 h1:8zoCK+6cYwUFZNvH0HZcyNBMUL63G7J9IF5ldtZUy2c=
github.com/nil-go/konf v1.4.0/go.mod h1:bQLME1hPLOejP89PlJGJ9DuofOKTsy/JcOjvWRHf0Fg=
github.com/nil-go/konf/notifier/sns v1.4.0 h1:PfLVItb0Ahg3w345/hB45pmhPVKW/8ExkX3oe78RwBk=
github.com/nil-go/konf/notifier/sns v1.4.0/go.mod h1:Scc0HZQiscu30kbjFcECvL83+XQrcYHAKZ+MRn/5N4o=
github.com/nil-go/konf/provider/appconfig v1.4.0 h1:/AMmpNf6Kl03NJWxOua/bXfNDDeHNrCQejfd1NhNIMs=
github.com/nil-go/konf/provider/appconfig v1.4.0/go.mod h1:4jvGHaYJwQ8tNCDRXG4KFliidmKdG/xmuAfMYxBrd4Y=
github.com/nil-go/konf/provider/parameterstore v1.4.0 h1:/jpOTbfFt3tskqExfJCm89kpcxyVHAy2FC76s+maUGA=
github.com/nil-go/konf/provider/parameterstore v1.4.0/go.mod h1:qa5B0WRq+TsoZ+5kHe1tXn1RnawWssBckEAKvzWIZ0Y=
github.com/nil-go/konf/provider/s3 v1.4.0 h1:ukqFC6Lp25iEtJtOzYhMwNZrQTN4VtL06fKi5KqU5Y0=
github.com/nil-go/konf/provider/s3 v1.4.0/go.mod h1:eWoNllbNLKkB5vUPSbkm/wm1M7SlXyKpTirdOIZfwpI=
gopkg.in/check.v1 v0.0.0-20161208181325-20d25e280405 h1:yhCVgyC4o1eVCa2tZl7eS0r+SDo693bJlVdllGtEeKM=
gopkg.in/check.v1 v0.0.0-20161208181325-20d25e280405/go.mod h1:Co6ibVJAznAaIkqp8huTwlJQCZ016jof/cbN4VW5Yz0=
gopkg.in/yaml.v3 v3.0.1 h1:fxVm/GzAzEWqLHuvctI91KS9hhNmmWOoWu0XTYJS7CA=
gopkg.in/yaml.v3 v3.0.1/go.mod h1:K4uyk7z7BCEPqu6E+C64Yfv1cQ7kz7rIZviUmN+EgEM=
